
Microsoft Visual Studio Solution File, Format Version 12.00
# Visual Studio Version 17
VisualStudioVersion = 17.9.34616.47
MinimumVisualStudioVersion = 10.0.40219.1
Project("{FAE04EC0-301F-11D3-BF4B-00C04F79EFBC}") = "BookPractice", "BookPractice\BookPractice.csproj", "{B87BB798-7338-46FF-96CA-AB1552F1D2F1}"
EndProject
Global
	GlobalSection(SolutionConfigurationPlatforms) = preSolution
		Debug|Any CPU = Debug|Any CPU
		Release|Any CPU = Release|Any CPU
	EndGlobalSection
	GlobalSection(ProjectConfigurationPlatforms) = postSolution
		{B87BB798-7338-46FF-96CA-AB1552F1D2F1}.Debug|Any CPU.ActiveCfg = Debug|Any CPU
		{B87BB798-7338-46FF-96CA-AB1552F1D2F1}.Debug|Any CPU.Build.0 = Debug|Any CPU
		{B87BB798-7338-46FF-96CA-AB1552F1D2F1}.Release|Any CPU.ActiveCfg = Release|Any CPU
		{B87BB798-7338-46FF-96CA-AB1552F1D2F1}.Release|Any CPU.Build.0 = Release|Any CPU
	EndGlobalSection
	GlobalSection(SolutionProperties) = preSolution
		HideSolutionNode = FALSE
	EndGlobalSection
	GlobalSection(ExtensibilityGlobals) = postSolution
		SolutionGuid = {8E0F5D43-45D2-4854-B6D1-0937D2FCCD11}
	EndGlobalSection
EndGlobal
